// !$*UTF8*$!
{
	archiveVersion = 1;
	classes = {
	};
	objectVersion = 56;
	objects = {

/* Begin PBXBuildFile section */
		5EB3D7E829BC757500C28685 /* Colors.swift in Sources */ = {isa = PBXBuildFile; fileRef = 5EB3D7E729BC757500C28685 /* Colors.swift */; };
		5EB3D7EA29BC75A400C28685 /* Fonts.swift in Sources */ = {isa = PBXBuildFile; fileRef = 5EB3D7E929BC75A400C28685 /* Fonts.swift */; };
		5ECE4F9829C591B400EA8E04 /* NetworkManager.swift in Sources */ = {isa = PBXBuildFile; fileRef = 5ECE4F9729C591B400EA8E04 /* NetworkManager.swift */; };
		5ECE4F9C29C5921300EA8E04 /* FlashSaleModel.swift in Sources */ = {isa = PBXBuildFile; fileRef = 5ECE4F9B29C5921300EA8E04 /* FlashSaleModel.swift */; };
		5ECE4F9E29C5922C00EA8E04 /* LatestModel.swift in Sources */ = {isa = PBXBuildFile; fileRef = 5ECE4F9D29C5922C00EA8E04 /* LatestModel.swift */; };
		5ECE4FA029C5924400EA8E04 /* ProductModel.swift in Sources */ = {isa = PBXBuildFile; fileRef = 5ECE4F9F29C5924400EA8E04 /* ProductModel.swift */; };
		5ECE4FA529C5937300EA8E04 /* UIViewController + Extensions.swift in Sources */ = {isa = PBXBuildFile; fileRef = 5ECE4FA429C5937300EA8E04 /* UIViewController + Extensions.swift */; };
		5ECE4FBC29C708BF00EA8E04 /* Delegates.swift in Sources */ = {isa = PBXBuildFile; fileRef = 5ECE4FBB29C708BF00EA8E04 /* Delegates.swift */; };
		5ECE4FC029C709B400EA8E04 /* TabBarController.swift in Sources */ = {isa = PBXBuildFile; fileRef = 5ECE4FBF29C709B400EA8E04 /* TabBarController.swift */; };
		5ECE4FC729C70B0000EA8E04 /* HomePageViewModel.swift in Sources */ = {isa = PBXBuildFile; fileRef = 5ECE4FC629C70B0000EA8E04 /* HomePageViewModel.swift */; };
		5ECE4FC929C70B1000EA8E04 /* HomePageCollectionView.swift in Sources */ = {isa = PBXBuildFile; fileRef = 5ECE4FC829C70B1000EA8E04 /* HomePageCollectionView.swift */; };
		5ECE4FCB29C70B4A00EA8E04 /* HomePageViewModelProtocol.swift in Sources */ = {isa = PBXBuildFile; fileRef = 5ECE4FCA29C70B4A00EA8E04 /* HomePageViewModelProtocol.swift */; };
		5ECE4FCD29C70B7600EA8E04 /* Section.swift in Sources */ = {isa = PBXBuildFile; fileRef = 5ECE4FCC29C70B7600EA8E04 /* Section.swift */; };
		5ECE4FCF29C70B8C00EA8E04 /* Headers.swift in Sources */ = {isa = PBXBuildFile; fileRef = 5ECE4FCE29C70B8C00EA8E04 /* Headers.swift */; };
		5ECE4FD129C70BC600EA8E04 /* CategoriesCell.swift in Sources */ = {isa = PBXBuildFile; fileRef = 5ECE4FD029C70BC600EA8E04 /* CategoriesCell.swift */; };
		5ECE4FD329C70BF200EA8E04 /* LatestCell.swift in Sources */ = {isa = PBXBuildFile; fileRef = 5ECE4FD229C70BF200EA8E04 /* LatestCell.swift */; };
		5ECE4FD529C70C1200EA8E04 /* FlashSaleCell.swift in Sources */ = {isa = PBXBuildFile; fileRef = 5ECE4FD429C70C1200EA8E04 /* FlashSaleCell.swift */; };
		5ECE4FD729C70C3F00EA8E04 /* GroupHeaderView.swift in Sources */ = {isa = PBXBuildFile; fileRef = 5ECE4FD629C70C3F00EA8E04 /* GroupHeaderView.swift */; };
		5ECE4FD929C70C6600EA8E04 /* SearchBarHeaderView.swift in Sources */ = {isa = PBXBuildFile; fileRef = 5ECE4FD829C70C6600EA8E04 /* SearchBarHeaderView.swift */; };
		5ECE4FE329C83E5D00EA8E04 /* UserModel.swift in Sources */ = {isa = PBXBuildFile; fileRef = 5ECE4FE229C83E5D00EA8E04 /* UserModel.swift */; };
		5ECE4FE629C83E7700EA8E04 /* LogicModel.swift in Sources */ = {isa = PBXBuildFile; fileRef = 5ECE4FE529C83E7700EA8E04 /* LogicModel.swift */; };
		5ECE4FE929C83EA100EA8E04 /* UserDefaultsStorage.swift in Sources */ = {isa = PBXBuildFile; fileRef = 5ECE4FE829C83EA100EA8E04 /* UserDefaultsStorage.swift */; };
		5ECE4FEB29C83ED200EA8E04 /* LocalStorage.swift in Sources */ = {isa = PBXBuildFile; fileRef = 5ECE4FEA29C83ED200EA8E04 /* LocalStorage.swift */; };
		5ED545C729C1E1FD005F1874 /* CoordinatorProtocol.swift in Sources */ = {isa = PBXBuildFile; fileRef = 5ED545C629C1E1FD005F1874 /* CoordinatorProtocol.swift */; };
		5ED545C929C1E242005F1874 /* AppCoordinator.swift in Sources */ = {isa = PBXBuildFile; fileRef = 5ED545C829C1E242005F1874 /* AppCoordinator.swift */; };
		5ED545CB29C1E281005F1874 /* AuthCoordinator.swift in Sources */ = {isa = PBXBuildFile; fileRef = 5ED545CA29C1E281005F1874 /* AuthCoordinator.swift */; };
		5ED545D329C1E339005F1874 /* LoginViewModelProtocol.swift in Sources */ = {isa = PBXBuildFile; fileRef = 5ED545D229C1E339005F1874 /* LoginViewModelProtocol.swift */; };
		5ED545D529C1E358005F1874 /* SignInViewModelProtocol.swift in Sources */ = {isa = PBXBuildFile; fileRef = 5ED545D429C1E358005F1874 /* SignInViewModelProtocol.swift */; };
		5ED545D729C1E378005F1874 /* SingInView.swift in Sources */ = {isa = PBXBuildFile; fileRef = 5ED545D629C1E378005F1874 /* SingInView.swift */; };
		5ED545D929C1E39B005F1874 /* SignInViewModel.swift in Sources */ = {isa = PBXBuildFile; fileRef = 5ED545D829C1E39B005F1874 /* SignInViewModel.swift */; };
		5ED545DB29C1E3CC005F1874 /* LoginView.swift in Sources */ = {isa = PBXBuildFile; fileRef = 5ED545DA29C1E3CC005F1874 /* LoginView.swift */; };
		5ED545DD29C1E3F0005F1874 /* LoginViewModel.swift in Sources */ = {isa = PBXBuildFile; fileRef = 5ED545DC29C1E3F0005F1874 /* LoginViewModel.swift */; };
		5EF22B0329BA49CE00361F35 /* AppDelegate.swift in Sources */ = {isa = PBXBuildFile; fileRef = 5EF22B0229BA49CE00361F35 /* AppDelegate.swift */; };
		5EF22B0C29BA49CF00361F35 /* Assets.xcassets in Resources */ = {isa = PBXBuildFile; fileRef = 5EF22B0B29BA49CF00361F35 /* Assets.xcassets */; };
		5EF22B0F29BA49CF00361F35 /* LaunchScreen.storyboard in Resources */ = {isa = PBXBuildFile; fileRef = 5EF22B0D29BA49CF00361F35 /* LaunchScreen.storyboard */; };
/* End PBXBuildFile section */

/* Begin PBXFileReference section */
		5EB3D7E729BC757500C28685 /* Colors.swift */ = {isa = PBXFileReference; lastKnownFileType = sourcecode.swift; path = Colors.swift; sourceTree = "<group>"; };
		5EB3D7E929BC75A400C28685 /* Fonts.swift */ = {isa = PBXFileReference; lastKnownFileType = sourcecode.swift; path = Fonts.swift; sourceTree = "<group>"; };
		5ECE4F9729C591B400EA8E04 /* NetworkManager.swift */ = {isa = PBXFileReference; lastKnownFileType = sourcecode.swift; path = NetworkManager.swift; sourceTree = "<group>"; };
		5ECE4F9B29C5921300EA8E04 /* FlashSaleModel.swift */ = {isa = PBXFileReference; lastKnownFileType = sourcecode.swift; path = FlashSaleModel.swift; sourceTree = "<group>"; };
		5ECE4F9D29C5922C00EA8E04 /* LatestModel.swift */ = {isa = PBXFileReference; lastKnownFileType = sourcecode.swift; path = LatestModel.swift; sourceTree = "<group>"; };
		5ECE4F9F29C5924400EA8E04 /* ProductModel.swift */ = {isa = PBXFileReference; lastKnownFileType = sourcecode.swift; path = ProductModel.swift; sourceTree = "<group>"; };
		5ECE4FA429C5937300EA8E04 /* UIViewController + Extensions.swift */ = {isa = PBXFileReference; lastKnownFileType = sourcecode.swift; path = "UIViewController + Extensions.swift"; sourceTree = "<group>"; };
		5ECE4FBB29C708BF00EA8E04 /* Delegates.swift */ = {isa = PBXFileReference; lastKnownFileType = sourcecode.swift; path = Delegates.swift; sourceTree = "<group>"; };
		5ECE4FBF29C709B400EA8E04 /* TabBarController.swift */ = {isa = PBXFileReference; lastKnownFileType = sourcecode.swift; path = TabBarController.swift; sourceTree = "<group>"; };
		5ECE4FC629C70B0000EA8E04 /* HomePageViewModel.swift */ = {isa = PBXFileReference; lastKnownFileType = sourcecode.swift; path = HomePageViewModel.swift; sourceTree = "<group>"; };
		5ECE4FC829C70B1000EA8E04 /* HomePageCollectionView.swift */ = {isa = PBXFileReference; lastKnownFileType = sourcecode.swift; path = HomePageCollectionView.swift; sourceTree = "<group>"; };
		5ECE4FCA29C70B4A00EA8E04 /* HomePageViewModelProtocol.swift */ = {isa = PBXFileReference; lastKnownFileType = sourcecode.swift; path = HomePageViewModelProtocol.swift; sourceTree = "<group>"; };
		5ECE4FCC29C70B7600EA8E04 /* Section.swift */ = {isa = PBXFileReference; lastKnownFileType = sourcecode.swift; path = Section.swift; sourceTree = "<group>"; };
		5ECE4FCE29C70B8C00EA8E04 /* Headers.swift */ = {isa = PBXFileReference; lastKnownFileType = sourcecode.swift; path = Headers.swift; sourceTree = "<group>"; };
		5ECE4FD029C70BC600EA8E04 /* CategoriesCell.swift */ = {isa = PBXFileReference; lastKnownFileType = sourcecode.swift; path = CategoriesCell.swift; sourceTree = "<group>"; };
		5ECE4FD229C70BF200EA8E04 /* LatestCell.swift */ = {isa = PBXFileReference; lastKnownFileType = sourcecode.swift; path = LatestCell.swift; sourceTree = "<group>"; };
		5ECE4FD429C70C1200EA8E04 /* FlashSaleCell.swift */ = {isa = PBXFileReference; lastKnownFileType = sourcecode.swift; path = FlashSaleCell.swift; sourceTree = "<group>"; };
		5ECE4FD629C70C3F00EA8E04 /* GroupHeaderView.swift */ = {isa = PBXFileReference; lastKnownFileType = sourcecode.swift; path = GroupHeaderView.swift; sourceTree = "<group>"; };
		5ECE4FD829C70C6600EA8E04 /* SearchBarHeaderView.swift */ = {isa = PBXFileReference; lastKnownFileType = sourcecode.swift; path = SearchBarHeaderView.swift; sourceTree = "<group>"; };
		5ECE4FE229C83E5D00EA8E04 /* UserModel.swift */ = {isa = PBXFileReference; lastKnownFileType = sourcecode.swift; path = UserModel.swift; sourceTree = "<group>"; };
		5ECE4FE529C83E7700EA8E04 /* LogicModel.swift */ = {isa = PBXFileReference; lastKnownFileType = sourcecode.swift; path = LogicModel.swift; sourceTree = "<group>"; };
		5ECE4FE829C83EA100EA8E04 /* UserDefaultsStorage.swift */ = {isa = PBXFileReference; lastKnownFileType = sourcecode.swift; path = UserDefaultsStorage.swift; sourceTree = "<group>"; };
		5ECE4FEA29C83ED200EA8E04 /* LocalStorage.swift */ = {isa = PBXFileReference; lastKnownFileType = sourcecode.swift; path = LocalStorage.swift; sourceTree = "<group>"; };
		5ED545C629C1E1FD005F1874 /* CoordinatorProtocol.swift */ = {isa = PBXFileReference; lastKnownFileType = sourcecode.swift; path = CoordinatorProtocol.swift; sourceTree = "<group>"; };
		5ED545C829C1E242005F1874 /* AppCoordinator.swift */ = {isa = PBXFileReference; lastKnownFileType = sourcecode.swift; path = AppCoordinator.swift; sourceTree = "<group>"; };
		5ED545CA29C1E281005F1874 /* AuthCoordinator.swift */ = {isa = PBXFileReference; lastKnownFileType = sourcecode.swift; path = AuthCoordinator.swift; sourceTree = "<group>"; };
		5ED545D229C1E339005F1874 /* LoginViewModelProtocol.swift */ = {isa = PBXFileReference; lastKnownFileType = sourcecode.swift; path = LoginViewModelProtocol.swift; sourceTree = "<group>"; };
		5ED545D429C1E358005F1874 /* SignInViewModelProtocol.swift */ = {isa = PBXFileReference; lastKnownFileType = sourcecode.swift; path = SignInViewModelProtocol.swift; sourceTree = "<group>"; };
		5ED545D629C1E378005F1874 /* SingInView.swift */ = {isa = PBXFileReference; lastKnownFileType = sourcecode.swift; path = SingInView.swift; sourceTree = "<group>"; };
		5ED545D829C1E39B005F1874 /* SignInViewModel.swift */ = {isa = PBXFileReference; lastKnownFileType = sourcecode.swift; path = SignInViewModel.swift; sourceTree = "<group>"; };
		5ED545DA29C1E3CC005F1874 /* LoginView.swift */ = {isa = PBXFileReference; lastKnownFileType = sourcecode.swift; path = LoginView.swift; sourceTree = "<group>"; };
		5ED545DC29C1E3F0005F1874 /* LoginViewModel.swift */ = {isa = PBXFileReference; lastKnownFileType = sourcecode.swift; path = LoginViewModel.swift; sourceTree = "<group>"; };
		5EF22AFF29BA49CE00361F35 /* TradeByBata.app */ = {isa = PBXFileReference; explicitFileType = wrapper.application; includeInIndex = 0; path = TradeByBata.app; sourceTree = BUILT_PRODUCTS_DIR; };
		5EF22B0229BA49CE00361F35 /* AppDelegate.swift */ = {isa = PBXFileReference; lastKnownFileType = sourcecode.swift; path = AppDelegate.swift; sourceTree = "<group>"; };
		5EF22B0B29BA49CF00361F35 /* Assets.xcassets */ = {isa = PBXFileReference; lastKnownFileType = folder.assetcatalog; path = Assets.xcassets; sourceTree = "<group>"; };
		5EF22B0E29BA49CF00361F35 /* Base */ = {isa = PBXFileReference; lastKnownFileType = file.storyboard; name = Base; path = Base.lproj/LaunchScreen.storyboard; sourceTree = "<group>"; };
		5EF22B1029BA49CF00361F35 /* Info.plist */ = {isa = PBXFileReference; lastKnownFileType = text.plist.xml; path = Info.plist; sourceTree = "<group>"; };
/* End PBXFileReference section */

/* Begin PBXFrameworksBuildPhase section */
		5EF22AFC29BA49CE00361F35 /* Frameworks */ = {
			isa = PBXFrameworksBuildPhase;
			buildActionMask = 2147483647;
			files = (
			);
			runOnlyForDeploymentPostprocessing = 0;
		};
/* End PBXFrameworksBuildPhase section */

/* Begin PBXGroup section */
		5ECE4F9529C5919F00EA8E04 /* Model */ = {
			isa = PBXGroup;
			children = (
				5ECE4FE729C83E8E00EA8E04 /* Storage */,
				5ECE4FE429C83E6C00EA8E04 /* Logic */,
				5ECE4F9629C591A300EA8E04 /* NetwrokLayer */,
				5ECE4FE229C83E5D00EA8E04 /* UserModel.swift */,
			);
			path = Model;
			sourceTree = "<group>";
		};
		5ECE4F9629C591A300EA8E04 /* NetwrokLayer */ = {
			isa = PBXGroup;
			children = (
				5ECE4F9729C591B400EA8E04 /* NetworkManager.swift */,
				5ECE4F9B29C5921300EA8E04 /* FlashSaleModel.swift */,
				5ECE4F9D29C5922C00EA8E04 /* LatestModel.swift */,
				5ECE4F9F29C5924400EA8E04 /* ProductModel.swift */,
			);
			path = NetwrokLayer;
			sourceTree = "<group>";
		};
		5ECE4FA329C5932E00EA8E04 /* Extensions */ = {
			isa = PBXGroup;
			children = (
				5EB3D7E929BC75A400C28685 /* Fonts.swift */,
				5EB3D7E729BC757500C28685 /* Colors.swift */,
				5ECE4FA429C5937300EA8E04 /* UIViewController + Extensions.swift */,
			);
			path = Extensions;
			sourceTree = "<group>";
		};
		5ECE4FBA29C708AA00EA8E04 /* Helper */ = {
			isa = PBXGroup;
			children = (
				5ECE4FBB29C708BF00EA8E04 /* Delegates.swift */,
			);
			path = Helper;
			sourceTree = "<group>";
		};
		5ECE4FBE29C7099F00EA8E04 /* TabBarController */ = {
			isa = PBXGroup;
			children = (
				5ECE4FBF29C709B400EA8E04 /* TabBarController.swift */,
			);
			path = TabBarController;
			sourceTree = "<group>";
		};
		5ECE4FC129C70AC300EA8E04 /* HomePage */ = {
			isa = PBXGroup;
			children = (
				5ECE4FC629C70B0000EA8E04 /* HomePageViewModel.swift */,
				5ECE4FC829C70B1000EA8E04 /* HomePageCollectionView.swift */,
				5ECE4FC229C70AD200EA8E04 /* Protocols */,
				5ECE4FC529C70AE800EA8E04 /* Cells */,
				5ECE4FC429C70AE000EA8E04 /* Enums */,
				5ECE4FC329C70AD800EA8E04 /* Headers */,
			);
			path = HomePage;
			sourceTree = "<group>";
		};
		5ECE4FC229C70AD200EA8E04 /* Protocols */ = {
			isa = PBXGroup;
			children = (
				5ECE4FCA29C70B4A00EA8E04 /* HomePageViewModelProtocol.swift */,
			);
			path = Protocols;
			sourceTree = "<group>";
		};
		5ECE4FC329C70AD800EA8E04 /* Headers */ = {
			isa = PBXGroup;
			children = (
				5ECE4FD629C70C3F00EA8E04 /* GroupHeaderView.swift */,
				5ECE4FD829C70C6600EA8E04 /* SearchBarHeaderView.swift */,
			);
			path = Headers;
			sourceTree = "<group>";
		};
		5ECE4FC429C70AE000EA8E04 /* Enums */ = {
			isa = PBXGroup;
			children = (
				5ECE4FCC29C70B7600EA8E04 /* Section.swift */,
				5ECE4FCE29C70B8C00EA8E04 /* Headers.swift */,
			);
			path = Enums;
			sourceTree = "<group>";
		};
		5ECE4FC529C70AE800EA8E04 /* Cells */ = {
			isa = PBXGroup;
			children = (
				5ECE4FD029C70BC600EA8E04 /* CategoriesCell.swift */,
				5ECE4FD229C70BF200EA8E04 /* LatestCell.swift */,
				5ECE4FD429C70C1200EA8E04 /* FlashSaleCell.swift */,
			);
			path = Cells;
			sourceTree = "<group>";
		};
		5ECE4FE429C83E6C00EA8E04 /* Logic */ = {
			isa = PBXGroup;
			children = (
				5ECE4FE529C83E7700EA8E04 /* LogicModel.swift */,
			);
			path = Logic;
			sourceTree = "<group>";
		};
		5ECE4FE729C83E8E00EA8E04 /* Storage */ = {
			isa = PBXGroup;
			children = (
				5ECE4FE829C83EA100EA8E04 /* UserDefaultsStorage.swift */,
				5ECE4FEA29C83ED200EA8E04 /* LocalStorage.swift */,
			);
			path = Storage;
			sourceTree = "<group>";
		};
		5ED545C529C1E1D9005F1874 /* Coordinator */ = {
			isa = PBXGroup;
			children = (
				5ED545C629C1E1FD005F1874 /* CoordinatorProtocol.swift */,
				5ED545C829C1E242005F1874 /* AppCoordinator.swift */,
				5ED545CA29C1E281005F1874 /* AuthCoordinator.swift */,
			);
			path = Coordinator;
			sourceTree = "<group>";
		};
		5ED545CD29C1E2E3005F1874 /* AuthFlow */ = {
			isa = PBXGroup;
			children = (
				5ED545CE29C1E2F5005F1874 /* Protocols */,
				5ED545CF29C1E2FF005F1874 /* SingIn */,
				5ED545D129C1E313005F1874 /* Login */,
			);
			path = AuthFlow;
			sourceTree = "<group>";
		};
		5ED545CE29C1E2F5005F1874 /* Protocols */ = {
			isa = PBXGroup;
			children = (
				5ED545D229C1E339005F1874 /* LoginViewModelProtocol.swift */,
				5ED545D429C1E358005F1874 /* SignInViewModelProtocol.swift */,
			);
			path = Protocols;
			sourceTree = "<group>";
		};
		5ED545CF29C1E2FF005F1874 /* SingIn */ = {
			isa = PBXGroup;
			children = (
				5ED545D629C1E378005F1874 /* SingInView.swift */,
				5ED545D829C1E39B005F1874 /* SignInViewModel.swift */,
			);
			path = SingIn;
			sourceTree = "<group>";
		};
		5ED545D129C1E313005F1874 /* Login */ = {
			isa = PBXGroup;
			children = (
				5ED545DA29C1E3CC005F1874 /* LoginView.swift */,
				5ED545DC29C1E3F0005F1874 /* LoginViewModel.swift */,
			);
			path = Login;
			sourceTree = "<group>";
		};
		5ED545DE29C1E48E005F1874 /* MainFlow */ = {
			isa = PBXGroup;
			children = (
				5ECE4FC129C70AC300EA8E04 /* HomePage */,
				5ECE4FBE29C7099F00EA8E04 /* TabBarController */,
			);
			path = MainFlow;
			sourceTree = "<group>";
		};
		5EF22AF629BA49CE00361F35 = {
			isa = PBXGroup;
			children = (
				5EF22B0129BA49CE00361F35 /* TradeByBata */,
				5EF22B0029BA49CE00361F35 /* Products */,
			);
			sourceTree = "<group>";
		};
		5EF22B0029BA49CE00361F35 /* Products */ = {
			isa = PBXGroup;
			children = (
				5EF22AFF29BA49CE00361F35 /* TradeByBata.app */,
			);
			name = Products;
			sourceTree = "<group>";
		};
		5EF22B0129BA49CE00361F35 /* TradeByBata */ = {
			isa = PBXGroup;
			children = (
				5EF22B0229BA49CE00361F35 /* AppDelegate.swift */,
				5ECE4FBA29C708AA00EA8E04 /* Helper */,
				5ECE4FA329C5932E00EA8E04 /* Extensions */,
				5ED545C529C1E1D9005F1874 /* Coordinator */,
				5ECE4F9529C5919F00EA8E04 /* Model */,
				5ED545DE29C1E48E005F1874 /* MainFlow */,
				5ED545CD29C1E2E3005F1874 /* AuthFlow */,
				5EF22B0B29BA49CF00361F35 /* Assets.xcassets */,
				5EF22B0D29BA49CF00361F35 /* LaunchScreen.storyboard */,
				5EF22B1029BA49CF00361F35 /* Info.plist */,
			);
			path = TradeByBata;
			sourceTree = "<group>";
		};
/* End PBXGroup section */

/* Begin PBXNativeTarget section */
		5EF22AFE29BA49CE00361F35 /* TradeByBata */ = {
			isa = PBXNativeTarget;
			buildConfigurationList = 5EF22B1329BA49CF00361F35 /* Build configuration list for PBXNativeTarget "TradeByBata" */;
			buildPhases = (
				5EF22AFB29BA49CE00361F35 /* Sources */,
				5EF22AFC29BA49CE00361F35 /* Frameworks */,
				5EF22AFD29BA49CE00361F35 /* Resources */,
			);
			buildRules = (
			);
			dependencies = (
			);
			name = TradeByBata;
			productName = TradeByBata;
			productReference = 5EF22AFF29BA49CE00361F35 /* TradeByBata.app */;
			productType = "com.apple.product-type.application";
		};
/* End PBXNativeTarget section */

/* Begin PBXProject section */
		5EF22AF729BA49CE00361F35 /* Project object */ = {
			isa = PBXProject;
			attributes = {
				BuildIndependentTargetsInParallel = 1;
				LastSwiftUpdateCheck = 1410;
				LastUpgradeCheck = 1410;
				TargetAttributes = {
					5EF22AFE29BA49CE00361F35 = {
						CreatedOnToolsVersion = 14.1;
					};
				};
			};
			buildConfigurationList = 5EF22AFA29BA49CE00361F35 /* Build configuration list for PBXProject "TradeByBata" */;
			compatibilityVersion = "Xcode 14.0";
			developmentRegion = en;
			hasScannedForEncodings = 0;
			knownRegions = (
				en,
				Base,
			);
			mainGroup = 5EF22AF629BA49CE00361F35;
			productRefGroup = 5EF22B0029BA49CE00361F35 /* Products */;
			projectDirPath = "";
			projectRoot = "";
			targets = (
				5EF22AFE29BA49CE00361F35 /* TradeByBata */,
			);
		};
/* End PBXProject section */

/* Begin PBXResourcesBuildPhase section */
		5EF22AFD29BA49CE00361F35 /* Resources */ = {
			isa = PBXResourcesBuildPhase;
			buildActionMask = 2147483647;
			files = (
				5EF22B0F29BA49CF00361F35 /* LaunchScreen.storyboard in Resources */,
				5EF22B0C29BA49CF00361F35 /* Assets.xcassets in Resources */,
			);
			runOnlyForDeploymentPostprocessing = 0;
		};
/* End PBXResourcesBuildPhase section */

/* Begin PBXSourcesBuildPhase section */
		5EF22AFB29BA49CE00361F35 /* Sources */ = {
			isa = PBXSourcesBuildPhase;
			buildActionMask = 2147483647;
			files = (
				5ECE4FEB29C83ED200EA8E04 /* LocalStorage.swift in Sources */,
				5ECE4FE929C83EA100EA8E04 /* UserDefaultsStorage.swift in Sources */,
				5ED545C929C1E242005F1874 /* AppCoordinator.swift in Sources */,
				5EB3D7EA29BC75A400C28685 /* Fonts.swift in Sources */,
				5ECE4FD329C70BF200EA8E04 /* LatestCell.swift in Sources */,
				5ECE4FC729C70B0000EA8E04 /* HomePageViewModel.swift in Sources */,
				5ECE4FA529C5937300EA8E04 /* UIViewController + Extensions.swift in Sources */,
				5ECE4FD529C70C1200EA8E04 /* FlashSaleCell.swift in Sources */,
				5ECE4F9C29C5921300EA8E04 /* FlashSaleModel.swift in Sources */,
				5ECE4FA029C5924400EA8E04 /* ProductModel.swift in Sources */,
				5EF22B0329BA49CE00361F35 /* AppDelegate.swift in Sources */,
				5ECE4FBC29C708BF00EA8E04 /* Delegates.swift in Sources */,
				5ED545CB29C1E281005F1874 /* AuthCoordinator.swift in Sources */,
				5EB3D7E829BC757500C28685 /* Colors.swift in Sources */,
				5ED545DB29C1E3CC005F1874 /* LoginView.swift in Sources */,
				5ED545D529C1E358005F1874 /* SignInViewModelProtocol.swift in Sources */,
				5ECE4FD129C70BC600EA8E04 /* CategoriesCell.swift in Sources */,
				5ECE4FCB29C70B4A00EA8E04 /* HomePageViewModelProtocol.swift in Sources */,
				5ED545DD29C1E3F0005F1874 /* LoginViewModel.swift in Sources */,
				5ECE4FCF29C70B8C00EA8E04 /* Headers.swift in Sources */,
				5ECE4FD929C70C6600EA8E04 /* SearchBarHeaderView.swift in Sources */,
				5ECE4FC929C70B1000EA8E04 /* HomePageCollectionView.swift in Sources */,
				5ECE4FC029C709B400EA8E04 /* TabBarController.swift in Sources */,
				5ECE4FD729C70C3F00EA8E04 /* GroupHeaderView.swift in Sources */,
				5ECE4F9E29C5922C00EA8E04 /* LatestModel.swift in Sources */,
				5ED545D329C1E339005F1874 /* LoginViewModelProtocol.swift in Sources */,
				5ECE4F9829C591B400EA8E04 /* NetworkManager.swift in Sources */,
				5ED545D929C1E39B005F1874 /* SignInViewModel.swift in Sources */,
				5ECE4FCD29C70B7600EA8E04 /* Section.swift in Sources */,
				5ED545D729C1E378005F1874 /* SingInView.swift in Sources */,
				5ECE4FE329C83E5D00EA8E04 /* UserModel.swift in Sources */,
				5ECE4FE629C83E7700EA8E04 /* LogicModel.swift in Sources */,
				5ED545C729C1E1FD005F1874 /* CoordinatorProtocol.swift in Sources */,
			);
			runOnlyForDeploymentPostprocessing = 0;
		};
/* End PBXSourcesBuildPhase section */

/* Begin PBXVariantGroup section */
		5EF22B0D29BA49CF00361F35 /* LaunchScreen.storyboard */ = {
			isa = PBXVariantGroup;
			children = (
				5EF22B0E29BA49CF00361F35 /* Base */,
			);
			name = LaunchScreen.storyboard;
			sourceTree = "<group>";
		};
/* End PBXVariantGroup section */

/* Begin XCBuildConfiguration section */
		5EF22B1129BA49CF00361F35 /* Debug */ = {
			isa = XCBuildConfiguration;
			buildSettings = {
				ALWAYS_SEARCH_USER_PATHS = NO;
				CLANG_ANALYZER_NONNULL = YES;
				CLANG_ANALYZER_NUMBER_OBJECT_CONVERSION = YES_AGGRESSIVE;
				CLANG_CXX_LANGUAGE_STANDARD = "gnu++20";
				CLANG_ENABLE_MODULES = YES;
				CLANG_ENABLE_OBJC_ARC = YES;
				CLANG_ENABLE_OBJC_WEAK = YES;
				CLANG_WARN_BLOCK_CAPTURE_AUTORELEASING = YES;
				CLANG_WARN_BOOL_CONVERSION = YES;
				CLANG_WARN_COMMA = YES;
				CLANG_WARN_CONSTANT_CONVERSION = YES;
				CLANG_WARN_DEPRECATED_OBJC_IMPLEMENTATIONS = YES;
				CLANG_WARN_DIRECT_OBJC_ISA_USAGE = YES_ERROR;
				CLANG_WARN_DOCUMENTATION_COMMENTS = YES;
				CLANG_WARN_EMPTY_BODY = YES;
				CLANG_WARN_ENUM_CONVERSION = YES;
				CLANG_WARN_INFINITE_RECURSION = YES;
				CLANG_WARN_INT_CONVERSION = YES;
				CLANG_WARN_NON_LITERAL_NULL_CONVERSION = YES;
				CLANG_WARN_OBJC_IMPLICIT_RETAIN_SELF = YES;
				CLANG_WARN_OBJC_LITERAL_CONVERSION = YES;
				CLANG_WARN_OBJC_ROOT_CLASS = YES_ERROR;
				CLANG_WARN_QUOTED_INCLUDE_IN_FRAMEWORK_HEADER = YES;
				CLANG_WARN_RANGE_LOOP_ANALYSIS = YES;
				CLANG_WARN_STRICT_PROTOTYPES = YES;
				CLANG_WARN_SUSPICIOUS_MOVE = YES;
				CLANG_WARN_UNGUARDED_AVAILABILITY = YES_AGGRESSIVE;
				CLANG_WARN_UNREACHABLE_CODE = YES;
				CLANG_WARN__DUPLICATE_METHOD_MATCH = YES;
				COPY_PHASE_STRIP = NO;
				DEBUG_INFORMATION_FORMAT = dwarf;
				ENABLE_STRICT_OBJC_MSGSEND = YES;
				ENABLE_TESTABILITY = YES;
				GCC_C_LANGUAGE_STANDARD = gnu11;
				GCC_DYNAMIC_NO_PIC = NO;
				GCC_NO_COMMON_BLOCKS = YES;
				GCC_OPTIMIZATION_LEVEL = 0;
				GCC_PREPROCESSOR_DEFINITIONS = (
					"DEBUG=1",
					"$(inherited)",
				);
				GCC_WARN_64_TO_32_BIT_CONVERSION = YES;
				GCC_WARN_ABOUT_RETURN_TYPE = YES_ERROR;
				GCC_WARN_UNDECLARED_SELECTOR = YES;
				GCC_WARN_UNINITIALIZED_AUTOS = YES_AGGRESSIVE;
				GCC_WARN_UNUSED_FUNCTION = YES;
				GCC_WARN_UNUSED_VARIABLE = YES;
				IPHONEOS_DEPLOYMENT_TARGET = 16.1;
				MTL_ENABLE_DEBUG_INFO = INCLUDE_SOURCE;
				MTL_FAST_MATH = YES;
				ONLY_ACTIVE_ARCH = YES;
				SDKROOT = iphoneos;
				SWIFT_ACTIVE_COMPILATION_CONDITIONS = DEBUG;
				SWIFT_OPTIMIZATION_LEVEL = "-Onone";
			};
			name = Debug;
		};
		5EF22B1229BA49CF00361F35 /* Release */ = {
			isa = XCBuildConfiguration;
			buildSettings = {
				ALWAYS_SEARCH_USER_PATHS = NO;
				CLANG_ANALYZER_NONNULL = YES;
				CLANG_ANALYZER_NUMBER_OBJECT_CONVERSION = YES_AGGRESSIVE;
				CLANG_CXX_LANGUAGE_STANDARD = "gnu++20";
				CLANG_ENABLE_MODULES = YES;
				CLANG_ENABLE_OBJC_ARC = YES;
				CLANG_ENABLE_OBJC_WEAK = YES;
				CLANG_WARN_BLOCK_CAPTURE_AUTORELEASING = YES;
				CLANG_WARN_BOOL_CONVERSION = YES;
				CLANG_WARN_COMMA = YES;
				CLANG_WARN_CONSTANT_CONVERSION = YES;
				CLANG_WARN_DEPRECATED_OBJC_IMPLEMENTATIONS = YES;
				CLANG_WARN_DIRECT_OBJC_ISA_USAGE = YES_ERROR;
				CLANG_WARN_DOCUMENTATION_COMMENTS = YES;
				CLANG_WARN_EMPTY_BODY = YES;
				CLANG_WARN_ENUM_CONVERSION = YES;
				CLANG_WARN_INFINITE_RECURSION = YES;
				CLANG_WARN_INT_CONVERSION = YES;
				CLANG_WARN_NON_LITERAL_NULL_CONVERSION = YES;
				CLANG_WARN_OBJC_IMPLICIT_RETAIN_SELF = YES;
				CLANG_WARN_OBJC_LITERAL_CONVERSION = YES;
				CLANG_WARN_OBJC_ROOT_CLASS = YES_ERROR;
				CLANG_WARN_QUOTED_INCLUDE_IN_FRAMEWORK_HEADER = YES;
				CLANG_WARN_RANGE_LOOP_ANALYSIS = YES;
				CLANG_WARN_STRICT_PROTOTYPES = YES;
				CLANG_WARN_SUSPICIOUS_MOVE = YES;
				CLANG_WARN_UNGUARDED_AVAILABILITY = YES_AGGRESSIVE;
				CLANG_WARN_UNREACHABLE_CODE = YES;
				CLANG_WARN__DUPLICATE_METHOD_MATCH = YES;
				COPY_PHASE_STRIP = NO;
				DEBUG_INFORMATION_FORMAT = "dwarf-with-dsym";
				ENABLE_NS_ASSERTIONS = NO;
				ENABLE_STRICT_OBJC_MSGSEND = YES;
				GCC_C_LANGUAGE_STANDARD = gnu11;
				GCC_NO_COMMON_BLOCKS = YES;
				GCC_WARN_64_TO_32_BIT_CONVERSION = YES;
				GCC_WARN_ABOUT_RETURN_TYPE = YES_ERROR;
				GCC_WARN_UNDECLARED_SELECTOR = YES;
				GCC_WARN_UNINITIALIZED_AUTOS = YES_AGGRESSIVE;
				GCC_WARN_UNUSED_FUNCTION = YES;
				GCC_WARN_UNUSED_VARIABLE = YES;
				IPHONEOS_DEPLOYMENT_TARGET = 16.1;
				MTL_ENABLE_DEBUG_INFO = NO;
				MTL_FAST_MATH = YES;
				SDKROOT = iphoneos;
				SWIFT_COMPILATION_MODE = wholemodule;
				SWIFT_OPTIMIZATION_LEVEL = "-O";
				VALIDATE_PRODUCT = YES;
			};
			name = Release;
		};
		5EF22B1429BA49CF00361F35 /* Debug */ = {
			isa = XCBuildConfiguration;
			buildSettings = {
				ASSETCATALOG_COMPILER_APPICON_NAME = AppIcon;
				ASSETCATALOG_COMPILER_GLOBAL_ACCENT_COLOR_NAME = AccentColor;
				CODE_SIGN_STYLE = Automatic;
				CURRENT_PROJECT_VERSION = 1;
				DEVELOPMENT_TEAM = 3UW6R7LBJ3;
				GENERATE_INFOPLIST_FILE = YES;
				INFOPLIST_FILE = TradeByBata/Info.plist;
				INFOPLIST_KEY_UIApplicationSupportsIndirectInputEvents = YES;
				INFOPLIST_KEY_UILaunchStoryboardName = LaunchScreen;
				INFOPLIST_KEY_UIMainStoryboardFile = "";
				INFOPLIST_KEY_UISupportedInterfaceOrientations_iPad = "UIInterfaceOrientationPortrait UIInterfaceOrientationPortraitUpsideDown UIInterfaceOrientationLandscapeLeft UIInterfaceOrientationLandscapeRight";
				INFOPLIST_KEY_UISupportedInterfaceOrientations_iPhone = "UIInterfaceOrientationPortrait UIInterfaceOrientationLandscapeLeft UIInterfaceOrientationLandscapeRight";
				LD_RUNPATH_SEARCH_PATHS = (
					"$(inherited)",
					"@executable_path/Frameworks",
				);
				MARKETING_VERSION = 1.0;
				PRODUCT_BUNDLE_IDENTIFIER = george.TradeByBata;
				PRODUCT_NAME = "$(TARGET_NAME)";
				SWIFT_EMIT_LOC_STRINGS = YES;
				SWIFT_VERSION = 5.0;
				TARGETED_DEVICE_FAMILY = "1,2";
			};
			name = Debug;
		};
		5EF22B1529BA49CF00361F35 /* Release */ = {
			isa = XCBuildConfiguration;
			buildSettings = {
				ASSETCATALOG_COMPILER_APPICON_NAME = AppIcon;
				ASSETCATALOG_COMPILER_GLOBAL_ACCENT_COLOR_NAME = AccentColor;
				CODE_SIGN_STYLE = Automatic;
				CURRENT_PROJECT_VERSION = 1;
				DEVELOPMENT_TEAM = 3UW6R7LBJ3;
				GENERATE_INFOPLIST_FILE = YES;
				INFOPLIST_FILE = TradeByBata/Info.plist;
				INFOPLIST_KEY_UIApplicationSupportsIndirectInputEvents = YES;
				INFOPLIST_KEY_UILaunchStoryboardName = LaunchScreen;
				INFOPLIST_KEY_UIMainStoryboardFile = "";
				INFOPLIST_KEY_UISupportedInterfaceOrientations_iPad = "UIInterfaceOrientationPortrait UIInterfaceOrientationPortraitUpsideDown UIInterfaceOrientationLandscapeLeft UIInterfaceOrientationLandscapeRight";
				INFOPLIST_KEY_UISupportedInterfaceOrientations_iPhone = "UIInterfaceOrientationPortrait UIInterfaceOrientationLandscapeLeft UIInterfaceOrientationLandscapeRight";
				LD_RUNPATH_SEARCH_PATHS = (
					"$(inherited)",
					"@executable_path/Frameworks",
				);
				MARKETING_VERSION = 1.0;
				PRODUCT_BUNDLE_IDENTIFIER = george.TradeByBata;
				PRODUCT_NAME = "$(TARGET_NAME)";
				SWIFT_EMIT_LOC_STRINGS = YES;
				SWIFT_VERSION = 5.0;
				TARGETED_DEVICE_FAMILY = "1,2";
			};
			name = Release;
		};
/* End XCBuildConfiguration section */

/* Begin XCConfigurationList section */
		5EF22AFA29BA49CE00361F35 /* Build configuration list for PBXProject "TradeByBata" */ = {
			isa = XCConfigurationList;
			buildConfigurations = (
				5EF22B1129BA49CF00361F35 /* Debug */,
				5EF22B1229BA49CF00361F35 /* Release */,
			);
			defaultConfigurationIsVisible = 0;
			defaultConfigurationName = Release;
		};
		5EF22B1329BA49CF00361F35 /* Build configuration list for PBXNativeTarget "TradeByBata" */ = {
			isa = XCConfigurationList;
			buildConfigurations = (
				5EF22B1429BA49CF00361F35 /* Debug */,
				5EF22B1529BA49CF00361F35 /* Release */,
			);
			defaultConfigurationIsVisible = 0;
			defaultConfigurationName = Release;
		};
/* End XCConfigurationList section */
	};
	rootObject = 5EF22AF729BA49CE00361F35 /* Project object */;
}
